// !$*UTF8*$!
{
	archiveVersion = 1;
	classes = {
	};
	objectVersion = 56;
	objects = {

/* Begin PBXBuildFile section */
		8C496A4F2930D9E100D36131 /* UnderstandingCoreDataApp.swift in Sources */ = {isa = PBXBuildFile; fileRef = 8C496A4E2930D9E100D36131 /* UnderstandingCoreDataApp.swift */; };
		8C496A512930D9E100D36131 /* ContentView.swift in Sources */ = {isa = PBXBuildFile; fileRef = 8C496A502930D9E100D36131 /* ContentView.swift */; };
		8C496A532930D9E300D36131 /* Assets.xcassets in Resources */ = {isa = PBXBuildFile; fileRef = 8C496A522930D9E300D36131 /* Assets.xcassets */; };
		8C496A562930D9E300D36131 /* Preview Assets.xcassets in Resources */ = {isa = PBXBuildFile; fileRef = 8C496A552930D9E300D36131 /* Preview Assets.xcassets */; };
		8C496A582930D9E300D36131 /* Persistence.swift in Sources */ = {isa = PBXBuildFile; fileRef = 8C496A572930D9E300D36131 /* Persistence.swift */; };
		8C76A5582930DDE50034F492 /* README.md in Resources */ = {isa = PBXBuildFile; fileRef = 8C76A5562930DDE50034F492 /* README.md */; };
		8C76A5592930DDE50034F492 /* LICENSE in Resources */ = {isa = PBXBuildFile; fileRef = 8C76A5572930DDE50034F492 /* LICENSE */; };
		8C76A5622930DF120034F492 /* UnderstandingCoreData.xcdatamodeld in Sources */ = {isa = PBXBuildFile; fileRef = 8C76A5602930DF120034F492 /* UnderstandingCoreData.xcdatamodeld */; };
		8C76A5642930DF660034F492 /* History+CoreDataClass.swift in Sources */ = {isa = PBXBuildFile; fileRef = 8C76A5632930DF660034F492 /* History+CoreDataClass.swift */; };
		8C76A5672930DF770034F492 /* CoreDataChildContext.swift in Sources */ = {isa = PBXBuildFile; fileRef = 8C76A5652930DF770034F492 /* CoreDataChildContext.swift */; };
		8C76A5682930DF770034F492 /* Item+CoreDataClass.swift in Sources */ = {isa = PBXBuildFile; fileRef = 8C76A5662930DF770034F492 /* Item+CoreDataClass.swift */; };
		8C76A56A2930DF8E0034F492 /* Binding+Optionals.swift in Sources */ = {isa = PBXBuildFile; fileRef = 8C76A5692930DF8E0034F492 /* Binding+Optionals.swift */; };
		8C76A56E2930DFD60034F492 /* Theme.swift in Sources */ = {isa = PBXBuildFile; fileRef = 8C76A56C2930DFD60034F492 /* Theme.swift */; };
		8C76A56F2930DFD60034F492 /* DetailEditMode.swift in Sources */ = {isa = PBXBuildFile; fileRef = 8C76A56D2930DFD60034F492 /* DetailEditMode.swift */; };
/* End PBXBuildFile section */

/* Begin PBXFileReference section */
		8C496A4B2930D9E100D36131 /* UnderstandingCoreData.app */ = {isa = PBXFileReference; explicitFileType = wrapper.application; includeInIndex = 0; path = UnderstandingCoreData.app; sourceTree = BUILT_PRODUCTS_DIR; };
		8C496A4E2930D9E100D36131 /* UnderstandingCoreDataApp.swift */ = {isa = PBXFileReference; lastKnownFileType = sourcecode.swift; path = UnderstandingCoreDataApp.swift; sourceTree = "<group>"; };
		8C496A502930D9E100D36131 /* ContentView.swift */ = {isa = PBXFileReference; lastKnownFileType = sourcecode.swift; path = ContentView.swift; sourceTree = "<group>"; };
		8C496A522930D9E300D36131 /* Assets.xcassets */ = {isa = PBXFileReference; lastKnownFileType = folder.assetcatalog; path = Assets.xcassets; sourceTree = "<group>"; };
		8C496A552930D9E300D36131 /* Preview Assets.xcassets */ = {isa = PBXFileReference; lastKnownFileType = folder.assetcatalog; path = "Preview Assets.xcassets"; sourceTree = "<group>"; };
		8C496A572930D9E300D36131 /* Persistence.swift */ = {isa = PBXFileReference; lastKnownFileType = sourcecode.swift; path = Persistence.swift; sourceTree = "<group>"; };
		8C76A5562930DDE50034F492 /* README.md */ = {isa = PBXFileReference; fileEncoding = 4; lastKnownFileType = net.daringfireball.markdown; name = README.md; path = ../README.md; sourceTree = "<group>"; };
		8C76A5572930DDE50034F492 /* LICENSE */ = {isa = PBXFileReference; fileEncoding = 4; lastKnownFileType = text; name = LICENSE; path = ../LICENSE; sourceTree = "<group>"; };
		8C76A5612930DF120034F492 /* UnderstandingCoreData.xcdatamodel */ = {isa = PBXFileReference; lastKnownFileType = wrapper.xcdatamodel; path = UnderstandingCoreData.xcdatamodel; sourceTree = "<group>"; };
		8C76A5632930DF660034F492 /* History+CoreDataClass.swift */ = {isa = PBXFileReference; fileEncoding = 4; lastKnownFileType = sourcecode.swift; path = "History+CoreDataClass.swift"; sourceTree = "<group>"; };
		8C76A5652930DF770034F492 /* CoreDataChildContext.swift */ = {isa = PBXFileReference; fileEncoding = 4; lastKnownFileType = sourcecode.swift; path = CoreDataChildContext.swift; sourceTree = "<group>"; };
		8C76A5662930DF770034F492 /* Item+CoreDataClass.swift */ = {isa = PBXFileReference; fileEncoding = 4; lastKnownFileType = sourcecode.swift; path = "Item+CoreDataClass.swift"; sourceTree = "<group>"; };
		8C76A5692930DF8E0034F492 /* Binding+Optionals.swift */ = {isa = PBXFileReference; fileEncoding = 4; lastKnownFileType = sourcecode.swift; path = "Binding+Optionals.swift"; sourceTree = "<group>"; };
		8C76A56C2930DFD60034F492 /* Theme.swift */ = {isa = PBXFileReference; fileEncoding = 4; lastKnownFileType = sourcecode.swift; path = Theme.swift; sourceTree = "<group>"; };
		8C76A56D2930DFD60034F492 /* DetailEditMode.swift */ = {isa = PBXFileReference; fileEncoding = 4; lastKnownFileType = sourcecode.swift; path = DetailEditMode.swift; sourceTree = "<group>"; };
/* End PBXFileReference section */

/* Begin PBXFrameworksBuildPhase section */
		8C496A482930D9E100D36131 /* Frameworks */ = {
			isa = PBXFrameworksBuildPhase;
			buildActionMask = 2147483647;
			files = (
			);
			runOnlyForDeploymentPostprocessing = 0;
		};
/* End PBXFrameworksBuildPhase section */

/* Begin PBXGroup section */
		8C496A422930D9E100D36131 = {
			isa = PBXGroup;
			children = (
				8C76A5572930DDE50034F492 /* LICENSE */,
				8C76A5562930DDE50034F492 /* README.md */,
				8C496A4D2930D9E100D36131 /* UnderstandingCoreData */,
				8C496A4C2930D9E100D36131 /* Products */,
			);
			sourceTree = "<group>";
		};
		8C496A4C2930D9E100D36131 /* Products */ = {
			isa = PBXGroup;
			children = (
				8C496A4B2930D9E100D36131 /* UnderstandingCoreData.app */,
			);
			name = Products;
			sourceTree = "<group>";
		};
		8C496A4D2930D9E100D36131 /* UnderstandingCoreData */ = {
			isa = PBXGroup;
			children = (
				8C496A4E2930D9E100D36131 /* UnderstandingCoreDataApp.swift */,
				8C496A502930D9E100D36131 /* ContentView.swift */,
				8C76A55D2930DEEC0034F492 /* Core Data */,
				8C76A56B2930DFD60034F492 /* Models */,
				8C496A522930D9E300D36131 /* Assets.xcassets */,
				8C496A542930D9E300D36131 /* Preview Content */,
			);
			path = UnderstandingCoreData;
			sourceTree = "<group>";
		};
		8C496A542930D9E300D36131 /* Preview Content */ = {
			isa = PBXGroup;
			children = (
				8C496A552930D9E300D36131 /* Preview Assets.xcassets */,
			);
			path = "Preview Content";
			sourceTree = "<group>";
		};
		8C76A55D2930DEEC0034F492 /* Core Data */ = {
			isa = PBXGroup;
			children = (
				8C76A5692930DF8E0034F492 /* Binding+Optionals.swift */,
				8C76A5652930DF770034F492 /* CoreDataChildContext.swift */,
				8C76A5662930DF770034F492 /* Item+CoreDataClass.swift */,
				8C76A5632930DF660034F492 /* History+CoreDataClass.swift */,
				8C496A572930D9E300D36131 /* Persistence.swift */,
				8C76A5602930DF120034F492 /* UnderstandingCoreData.xcdatamodeld */,
			);
			path = "Core Data";
			sourceTree = "<group>";
		};
		8C76A56B2930DFD60034F492 /* Models */ = {
			isa = PBXGroup;
			children = (
				8C76A56C2930DFD60034F492 /* Theme.swift */,
				8C76A56D2930DFD60034F492 /* DetailEditMode.swift */,
			);
			path = Models;
			sourceTree = "<group>";
		};
/* End PBXGroup section */

/* Begin PBXNativeTarget section */
		8C496A4A2930D9E100D36131 /* UnderstandingCoreData */ = {
			isa = PBXNativeTarget;
			buildConfigurationList = 8C496A5E2930D9E300D36131 /* Build configuration list for PBXNativeTarget "UnderstandingCoreData" */;
			buildPhases = (
				8C496A472930D9E100D36131 /* Sources */,
				8C496A482930D9E100D36131 /* Frameworks */,
				8C496A492930D9E100D36131 /* Resources */,
			);
			buildRules = (
			);
			dependencies = (
			);
			name = UnderstandingCoreData;
			productName = UnderstandingCoreData;
			productReference = 8C496A4B2930D9E100D36131 /* UnderstandingCoreData.app */;
			productType = "com.apple.product-type.application";
		};
/* End PBXNativeTarget section */

/* Begin PBXProject section */
		8C496A432930D9E100D36131 /* Project object */ = {
			isa = PBXProject;
			attributes = {
				BuildIndependentTargetsInParallel = 1;
				LastSwiftUpdateCheck = 1410;
				LastUpgradeCheck = 1410;
				TargetAttributes = {
					8C496A4A2930D9E100D36131 = {
						CreatedOnToolsVersion = 14.1;
					};
				};
			};
			buildConfigurationList = 8C496A462930D9E100D36131 /* Build configuration list for PBXProject "UnderstandingCoreData" */;
			compatibilityVersion = "Xcode 14.0";
			developmentRegion = en;
			hasScannedForEncodings = 0;
			knownRegions = (
				en,
				Base,
			);
			mainGroup = 8C496A422930D9E100D36131;
			productRefGroup = 8C496A4C2930D9E100D36131 /* Products */;
			projectDirPath = "";
			projectRoot = "";
			targets = (
				8C496A4A2930D9E100D36131 /* UnderstandingCoreData */,
			);
		};
/* End PBXProject section */

/* Begin PBXResourcesBuildPhase section */
		8C496A492930D9E100D36131 /* Resources */ = {
			isa = PBXResourcesBuildPhase;
			buildActionMask = 2147483647;
			files = (
				8C76A5582930DDE50034F492 /* README.md in Resources */,
				8C496A562930D9E300D36131 /* Preview Assets.xcassets in Resources */,
				8C76A5592930DDE50034F492 /* LICENSE in Resources */,
				8C496A532930D9E300D36131 /* Assets.xcassets in Resources */,
			);
			runOnlyForDeploymentPostprocessing = 0;
		};
/* End PBXResourcesBuildPhase section */

/* Begin PBXSourcesBuildPhase section */
		8C496A472930D9E100D36131 /* Sources */ = {
			isa = PBXSourcesBuildPhase;
			buildActionMask = 2147483647;
			files = (
				8C76A56E2930DFD60034F492 /* Theme.swift in Sources */,
				8C76A5622930DF120034F492 /* UnderstandingCoreData.xcdatamodeld in Sources */,
				8C76A56A2930DF8E0034F492 /* Binding+Optionals.swift in Sources */,
				8C496A582930D9E300D36131 /* Persistence.swift in Sources */,
				8C76A5642930DF660034F492 /* History+CoreDataClass.swift in Sources */,
				8C496A512930D9E100D36131 /* ContentView.swift in Sources */,
				8C496A4F2930D9E100D36131 /* UnderstandingCoreDataApp.swift in Sources */,
				8C76A5672930DF770034F492 /* CoreDataChildContext.swift in Sources */,
				8C76A5682930DF770034F492 /* Item+CoreDataClass.swift in Sources */,
				8C76A56F2930DFD60034F492 /* DetailEditMode.swift in Sources */,
			);
			runOnlyForDeploymentPostprocessing = 0;
		};
/* End PBXSourcesBuildPhase section */

/* Begin XCBuildConfiguration section */
		8C496A5C2930D9E300D36131 /* Debug */ = {
			isa = XCBuildConfiguration;
			buildSettings = {
				ALWAYS_SEARCH_USER_PATHS = NO;
				CLANG_ANALYZER_NONNULL = YES;
				CLANG_ANALYZER_NUMBER_OBJECT_CONVERSION = YES_AGGRESSIVE;
				CLANG_CXX_LANGUAGE_STANDARD = "gnu++20";
				CLANG_ENABLE_MODULES = YES;
				CLANG_ENABLE_OBJC_ARC = YES;
				CLANG_ENABLE_OBJC_WEAK = YES;
				CLANG_WARN_BLOCK_CAPTURE_AUTORELEASING = YES;
				CLANG_WARN_BOOL_CONVERSION = YES;
				CLANG_WARN_COMMA = YES;
				CLANG_WARN_CONSTANT_CONVERSION = YES;
				CLANG_WARN_DEPRECATED_OBJC_IMPLEMENTATIONS = YES;
				CLANG_WARN_DIRECT_OBJC_ISA_USAGE = YES_ERROR;
				CLANG_WARN_DOCUMENTATION_COMMENTS = YES;
				CLANG_WARN_EMPTY_BODY = YES;
				CLANG_WARN_ENUM_CONVERSION = YES;
				CLANG_WARN_INFINITE_RECURSION = YES;
				CLANG_WARN_INT_CONVERSION = YES;
				CLANG_WARN_NON_LITERAL_NULL_CONVERSION = YES;
				CLANG_WARN_OBJC_IMPLICIT_RETAIN_SELF = YES;
				CLANG_WARN_OBJC_LITERAL_CONVERSION = YES;
				CLANG_WARN_OBJC_ROOT_CLASS = YES_ERROR;
				CLANG_WARN_QUOTED_INCLUDE_IN_FRAMEWORK_HEADER = YES;
				CLANG_WARN_RANGE_LOOP_ANALYSIS = YES;
				CLANG_WARN_STRICT_PROTOTYPES = YES;
				CLANG_WARN_SUSPICIOUS_MOVE = YES;
				CLANG_WARN_UNGUARDED_AVAILABILITY = YES_AGGRESSIVE;
				CLANG_WARN_UNREACHABLE_CODE = YES;
				CLANG_WARN__DUPLICATE_METHOD_MATCH = YES;
				COPY_PHASE_STRIP = NO;
				DEBUG_INFORMATION_FORMAT = dwarf;
				ENABLE_STRICT_OBJC_MSGSEND = YES;
				ENABLE_TESTABILITY = YES;
				GCC_C_LANGUAGE_STANDARD = gnu11;
				GCC_DYNAMIC_NO_PIC = NO;
				GCC_NO_COMMON_BLOCKS = YES;
				GCC_OPTIMIZATION_LEVEL = 0;
				GCC_PREPROCESSOR_DEFINITIONS = (
					"DEBUG=1",
					"$(inherited)",
				);
				GCC_WARN_64_TO_32_BIT_CONVERSION = YES;
				GCC_WARN_ABOUT_RETURN_TYPE = YES_ERROR;
				GCC_WARN_UNDECLARED_SELECTOR = YES;
				GCC_WARN_UNINITIALIZED_AUTOS = YES_AGGRESSIVE;
				GCC_WARN_UNUSED_FUNCTION = YES;
				GCC_WARN_UNUSED_VARIABLE = YES;
				IPHONEOS_DEPLOYMENT_TARGET = 16.1;
				MTL_ENABLE_DEBUG_INFO = INCLUDE_SOURCE;
				MTL_FAST_MATH = YES;
				ONLY_ACTIVE_ARCH = YES;
				SDKROOT = iphoneos;
				SWIFT_ACTIVE_COMPILATION_CONDITIONS = DEBUG;
				SWIFT_OPTIMIZATION_LEVEL = "-Onone";
			};
			name = Debug;
		};
		8C496A5D2930D9E300D36131 /* Release */ = {
			isa = XCBuildConfiguration;
			buildSettings = {
				ALWAYS_SEARCH_USER_PATHS = NO;
				CLANG_ANALYZER_NONNULL = YES;
				CLANG_ANALYZER_NUMBER_OBJECT_CONVERSION = YES_AGGRESSIVE;
				CLANG_CXX_LANGUAGE_STANDARD = "gnu++20";
				CLANG_ENABLE_MODULES = YES;
				CLANG_ENABLE_OBJC_ARC = YES;
				CLANG_ENABLE_OBJC_WEAK = YES;
				CLANG_WARN_BLOCK_CAPTURE_AUTORELEASING = YES;
				CLANG_WARN_BOOL_CONVERSION = YES;
				CLANG_WARN_COMMA = YES;
				CLANG_WARN_CONSTANT_CONVERSION = YES;
				CLANG_WARN_DEPRECATED_OBJC_IMPLEMENTATIONS = YES;
				CLANG_WARN_DIRECT_OBJC_ISA_USAGE = YES_ERROR;
				CLANG_WARN_DOCUMENTATION_COMMENTS = YES;
				CLANG_WARN_EMPTY_BODY = YES;
				CLANG_WARN_ENUM_CONVERSION = YES;
				CLANG_WARN_INFINITE_RECURSION = YES;
				CLANG_WARN_INT_CONVERSION = YES;
				CLANG_WARN_NON_LITERAL_NULL_CONVERSION = YES;
				CLANG_WARN_OBJC_IMPLICIT_RETAIN_SELF = YES;
				CLANG_WARN_OBJC_LITERAL_CONVERSION = YES;
				CLANG_WARN_OBJC_ROOT_CLASS = YES_ERROR;
				CLANG_WARN_QUOTED_INCLUDE_IN_FRAMEWORK_HEADER = YES;
				CLANG_WARN_RANGE_LOOP_ANALYSIS = YES;
				CLANG_WARN_STRICT_PROTOTYPES = YES;
				CLANG_WARN_SUSPICIOUS_MOVE = YES;
				CLANG_WARN_UNGUARDED_AVAILABILITY = YES_AGGRESSIVE;
				CLANG_WARN_UNREACHABLE_CODE = YES;
				CLANG_WARN__DUPLICATE_METHOD_MATCH = YES;
				COPY_PHASE_STRIP = NO;
				DEBUG_INFORMATION_FORMAT = "dwarf-with-dsym";
				ENABLE_NS_ASSERTIONS = NO;
				ENABLE_STRICT_OBJC_MSGSEND = YES;
				GCC_C_LANGUAGE_STANDARD = gnu11;
				GCC_NO_COMMON_BLOCKS = YES;
				GCC_WARN_64_TO_32_BIT_CONVERSION = YES;
				GCC_WARN_ABOUT_RETURN_TYPE = YES_ERROR;
				GCC_WARN_UNDECLARED_SELECTOR = YES;
				GCC_WARN_UNINITIALIZED_AUTOS = YES_AGGRESSIVE;
				GCC_WARN_UNUSED_FUNCTION = YES;
				GCC_WARN_UNUSED_VARIABLE = YES;
				IPHONEOS_DEPLOYMENT_TARGET = 16.1;
				MTL_ENABLE_DEBUG_INFO = NO;
				MTL_FAST_MATH = YES;
				SDKROOT = iphoneos;
				SWIFT_COMPILATION_MODE = wholemodule;
				SWIFT_OPTIMIZATION_LEVEL = "-O";
				VALIDATE_PRODUCT = YES;
			};
			name = Release;
		};
		8C496A5F2930D9E300D36131 /* Debug */ = {
			isa = XCBuildConfiguration;
			buildSettings = {
				ASSETCATALOG_COMPILER_APPICON_NAME = AppIcon;
				ASSETCATALOG_COMPILER_GLOBAL_ACCENT_COLOR_NAME = AccentColor;
				CODE_SIGN_STYLE = Automatic;
				CURRENT_PROJECT_VERSION = 1;
				DEVELOPMENT_ASSET_PATHS = "\"UnderstandingCoreData/Preview Content\"";
				DEVELOPMENT_TEAM = 35NR4T25PH;
				ENABLE_PREVIEWS = YES;
				GENERATE_INFOPLIST_FILE = YES;
				INFOPLIST_KEY_UIApplicationSceneManifest_Generation = YES;
				INFOPLIST_KEY_UIApplicationSupportsIndirectInputEvents = YES;
				INFOPLIST_KEY_UILaunchScreen_Generation = YES;
				INFOPLIST_KEY_UISupportedInterfaceOrientations_iPad = "UIInterfaceOrientationPortrait UIInterfaceOrientationPortraitUpsideDown UIInterfaceOrientationLandscapeLeft UIInterfaceOrientationLandscapeRight";
				INFOPLIST_KEY_UISupportedInterfaceOrientations_iPhone = "UIInterfaceOrientationPortrait UIInterfaceOrientationLandscapeLeft UIInterfaceOrientationLandscapeRight";
				LD_RUNPATH_SEARCH_PATHS = (
					"$(inherited)",
					"@executable_path/Frameworks",
				);
				MARKETING_VERSION = 1.0;
				PRODUCT_BUNDLE_IDENTIFIER = codes.kafran.UnderstandingCoreData;
				PRODUCT_NAME = "$(TARGET_NAME)";
				SWIFT_EMIT_LOC_STRINGS = YES;
				SWIFT_VERSION = 5.0;
				TARGETED_DEVICE_FAMILY = "1,2";
			};
			name = Debug;
		};
		8C496A602930D9E300D36131 /* Release */ = {
			isa = XCBuildConfiguration;
			buildSettings = {
				ASSETCATALOG_COMPILER_APPICON_NAME = AppIcon;
				ASSETCATALOG_COMPILER_GLOBAL_ACCENT_COLOR_NAME = AccentColor;
				CODE_SIGN_STYLE = Automatic;
				CURRENT_PROJECT_VERSION = 1;
				DEVELOPMENT_ASSET_PATHS = "\"UnderstandingCoreData/Preview Content\"";
				DEVELOPMENT_TEAM = 35NR4T25PH;
				ENABLE_PREVIEWS = YES;
				GENERATE_INFOPLIST_FILE = YES;
				INFOPLIST_KEY_UIApplicationSceneManifest_Generation = YES;
				INFOPLIST_KEY_UIApplicationSupportsIndirectInputEvents = YES;
				INFOPLIST_KEY_UILaunchScreen_Generation = YES;
				INFOPLIST_KEY_UISupportedInterfaceOrientations_iPad = "UIInterfaceOrientationPortrait UIInterfaceOrientationPortraitUpsideDown UIInterfaceOrientationLandscapeLeft UIInterfaceOrientationLandscapeRight";
				INFOPLIST_KEY_UISupportedInterfaceOrientations_iPhone = "UIInterfaceOrientationPortrait UIInterfaceOrientationLandscapeLeft UIInterfaceOrientationLandscapeRight";
				LD_RUNPATH_SEARCH_PATHS = (
					"$(inherited)",
					"@executable_path/Frameworks",
				);
				MARKETING_VERSION = 1.0;
				PRODUCT_BUNDLE_IDENTIFIER = codes.kafran.UnderstandingCoreData;
				PRODUCT_NAME = "$(TARGET_NAME)";
				SWIFT_EMIT_LOC_STRINGS = YES;
				SWIFT_VERSION = 5.0;
				TARGETED_DEVICE_FAMILY = "1,2";
			};
			name = Release;
		};
/* End XCBuildConfiguration section */

/* Begin XCConfigurationList section */
		8C496A462930D9E100D36131 /* Build configuration list for PBXProject "UnderstandingCoreData" */ = {
			isa = XCConfigurationList;
			buildConfigurations = (
				8C496A5C2930D9E300D36131 /* Debug */,
				8C496A5D2930D9E300D36131 /* Release */,
			);
			defaultConfigurationIsVisible = 0;
			defaultConfigurationName = Release;
		};
		8C496A5E2930D9E300D36131 /* Build configuration list for PBXNativeTarget "UnderstandingCoreData" */ = {
			isa = XCConfigurationList;
			buildConfigurations = (
				8C496A5F2930D9E300D36131 /* Debug */,
				8C496A602930D9E300D36131 /* Release */,
			);
			defaultConfigurationIsVisible = 0;
			defaultConfigurationName = Release;
		};
/* End XCConfigurationList section */

/* Begin XCVersionGroup section */
		8C76A5602930DF120034F492 /* UnderstandingCoreData.xcdatamodeld */ = {
			isa = XCVersionGroup;
			children = (
				8C76A5612930DF120034F492 /* UnderstandingCoreData.xcdatamodel */,
			);
			currentVersion = 8C76A5612930DF120034F492 /* UnderstandingCoreData.xcdatamodel */;
			name = UnderstandingCoreData.xcdatamodeld;
			path = "../../../../UnderstandingCoreData/UnderstandingCoreData/Core Data/UnderstandingCoreData.xcdatamodeld";
			sourceTree = "<group>";
			versionGroupType = wrapper.xcdatamodel;
		};
/* End XCVersionGroup section */
	};
	rootObject = 8C496A432930D9E100D36131 /* Project object */;
}
